{
  "name": "blog-vuepress",
  "version": "1.0.0",
  "lockfileVersion": 1,
  "requires": true,
  "dependencies": {
    "@vssue/api-github-v3": {
      "version": "0.9.0",
      "resolved": "https://registry.npmjs.org/@vssue/api-github-v3/-/api-github-v3-0.9.0.tgz",
      "integrity": "sha512-bxVVjDidjOn0BdXF9leQerEcZUl1mVvXLVaS7uMGGUOQrezgYP3Qizu/CpzCug/aMFKESAWuoJp9viyR5kPwlw==",
      "requires": {
        "@vssue/utils": "^0.9.0",
        "axios": "^0.18.0"
      }
    },
    "@vssue/utils": {
      "version": "0.9.0",
      "resolved": "https://registry.npmjs.org/@vssue/utils/-/utils-0.9.0.tgz",
      "integrity": "sha512-657fy0WN0VyVzRZWGwzNnAJS04vQkEBAC1mEZ3k0mQCVm8qtUAJrfvvCdrR/fAKg0x/VtjBCwPhFywksTwAyBQ==",
      "requires": {
        "date-fns": "^1.29.0",
        "qs": "^6.6.0"
      }
    },
    "@vssue/vuepress-plugin-vssue": {
      "version": "0.9.1",
      "resolved": "https://registry.npmjs.org/@vssue/vuepress-plugin-vssue/-/vuepress-plugin-vssue-0.9.1.tgz",
      "integrity": "sha512-K69Wtg+eJuNBn3Afd8AuT8EEAHmHTf2ScbMO5y52DksKuIdsC+TNpYEyQ9BPlrMaqo1BJDfuZknESC7ZZVpv+w==",
      "requires": {
        "vssue": "^0.9.1"
      }
    },
    "axios": {
      "version": "0.18.0",
      "resolved": "https://registry.npmjs.org/axios/-/axios-0.18.0.tgz",
      "integrity": "sha1-MtU+SFHv3AoRmTts0AB4nXDAUQI=",
      "requires": {
        "follow-redirects": "^1.3.0",
        "is-buffer": "^1.1.5"
      }
    },
    "date-fns": {
      "version": "1.30.1",
      "resolved": "https://registry.npmjs.org/date-fns/-/date-fns-1.30.1.tgz",
      "integrity": "sha512-hBSVCvSmWC+QypYObzwGOd9wqdDpOt+0wl0KbU+R+uuZBS1jN8VsD1ss3irQDknRj5NvxiTF6oj/nDRnN/UQNw=="
    },
    "debug": {
      "version": "3.2.6",
      "resolved": "https://registry.npmjs.org/debug/-/debug-3.2.6.tgz",
      "integrity": "sha512-mel+jf7nrtEl5Pn1Qx46zARXKDpBbvzezse7p7LqINmdoIk8PYP5SySaxEmYv6TZ0JyEKA1hsCId6DIhgITtWQ==",
      "requires": {
        "ms": "^2.1.1"
      }
    },
    "eve-raphael": {
      "version": "0.5.0",
      "resolved": "https://registry.npmjs.org/eve-raphael/-/eve-raphael-0.5.0.tgz",
      "integrity": "sha1-F8dUt5K+7z+maE15z1pHxjxM2jA=",
      "dev": true
    },
    "flowchart.js": {
      "version": "1.11.3",
      "resolved": "https://registry.npmjs.org/flowchart.js/-/flowchart.js-1.11.3.tgz",
      "integrity": "sha512-Hk5vKKsEjYp/Vt4gSRBx39z+6OLwkg3top/EQ4antpZXCVrHLajVGWEqhCPeEBixhzDxAtHdRn4aFEtRhlTzHA==",
      "dev": true,
      "requires": {
        "raphael": "2.2.7"
      }
    },
    "follow-redirects": {
      "version": "1.7.0",
      "resolved": "https://registry.npmjs.org/follow-redirects/-/follow-redirects-1.7.0.tgz",
      "integrity": "sha512-m/pZQy4Gj287eNy94nivy5wchN3Kp+Q5WgUPNy5lJSZ3sgkVKSYV/ZChMAQVIgx1SqfZ2zBZtPA2YlXIWxxJOQ==",
      "requires": {
        "debug": "^3.2.6"
      }
    },
    "github-markdown-css": {
      "version": "2.10.0",
      "resolved": "https://registry.npmjs.org/github-markdown-css/-/github-markdown-css-2.10.0.tgz",
      "integrity": "sha512-RX5VUC54uX6Lvrm226M9kMzsNeOa81MnKyxb3J0G5KLjyoOySOZgwyKFkUpv6iUhooiUZdogk+OTwQPJ4WttYg=="
    },
    "is-buffer": {
      "version": "1.1.6",
      "resolved": "https://registry.npmjs.org/is-buffer/-/is-buffer-1.1.6.tgz",
      "integrity": "sha512-NcdALwpXkTm5Zvvbk7owOUSvVvBKDgKP5/ewfXEznmQFfs4ZRmanOeKBTjRVjka3QFoN6XJ+9F3USqfHqTaU5w=="
    },
    "ms": {
      "version": "2.1.1",
      "resolved": "https://registry.npmjs.org/ms/-/ms-2.1.1.tgz",
      "integrity": "sha512-tgp+dl5cGk28utYktBsrFqA7HKgrhgPsg6Z/EfhWI4gl1Hwq8B/GmY/0oXZ6nF8hDVesS/FpnYaD/kOWhYQvyg=="
    },
    "qs": {
      "version": "6.7.0",
      "resolved": "https://registry.npmjs.org/qs/-/qs-6.7.0.tgz",
      "integrity": "sha512-VCdBRNFTX1fyE7Nb6FYoURo/SPe62QCaAyzJvUjwRaIsc+NePBEniHlvxFmmX56+HZphIGtV0XeCirBtpDrTyQ=="
    },
    "raphael": {
      "version": "2.2.7",
      "resolved": "https://registry.npmjs.org/raphael/-/raphael-2.2.7.tgz",
      "integrity": "sha1-IxsZFB+NCGmG2PrOtm+LVi7iyBA=",
      "dev": true,
      "requires": {
        "eve-raphael": "0.5.0"
      }
    },
    "vssue": {
      "version": "0.9.1",
      "resolved": "https://registry.npmjs.org/vssue/-/vssue-0.9.1.tgz",
      "integrity": "sha512-x02eqnkABFqrMhKK8Ja347MOxCMk+7AzZaW/t5NydK9/kl6M9xa5ViRE2TPVL13yvWZrx8IJyA2DZyCcaKFF/Q==",
      "requires": {
        "@vssue/utils": "^0.9.0",
        "github-markdown-css": "^2.10.0",
        "vue": "^2.5.21",
        "vue-i18n": "^8.7.0",
        "vue-property-decorator": "^7.2.0"
      }
    },
    "vue": {
      "version": "2.6.10",
      "resolved": "https://registry.npmjs.org/vue/-/vue-2.6.10.tgz",
      "integrity": "sha512-ImThpeNU9HbdZL3utgMCq0oiMzAkt1mcgy3/E6zWC/G6AaQoeuFdsl9nDhTDU3X1R6FK7nsIUuRACVcjI+A2GQ=="
    },
    "vue-class-component": {
      "version": "6.3.2",
      "resolved": "https://registry.npmjs.org/vue-class-component/-/vue-class-component-6.3.2.tgz",
      "integrity": "sha512-cH208IoM+jgZyEf/g7mnFyofwPDJTM/QvBNhYMjqGB8fCsRyTf68rH2ISw/G20tJv+5mIThQ3upKwoL4jLTr1A=="
    },
    "vue-i18n": {
      "version": "8.11.2",
      "resolved": "https://registry.npmjs.org/vue-i18n/-/vue-i18n-8.11.2.tgz",
      "integrity": "sha512-STcpmxqBrG77SyWi7e0Yn/B3DjKR6mSDwYS4F/V7zoi+e/+CPbVb2TaBqFwnrkoDcPmRfjM7nTwsiRQQOGdifw=="
    },
    "vue-property-decorator": {
      "version": "7.3.0",
      "resolved": "https://registry.npmjs.org/vue-property-decorator/-/vue-property-decorator-7.3.0.tgz",
      "integrity": "sha512-HarXfTQ/Nxm4s/APpAaGIGHq5ZzslApImQy8ZrtkfGamw8rUFAVgMS5C50/AQ80+wfw3Wpnf4bNzbmj75m/k2Q==",
      "requires": {
        "vue-class-component": "^6.2.0"
      }
    },
    "vuepress-plugin-flowchart": {
      "version": "1.4.3",
      "resolved": "https://registry.npmjs.org/vuepress-plugin-flowchart/-/vuepress-plugin-flowchart-1.4.3.tgz",
      "integrity": "sha512-Vyhh2xiCvMoubwBBDdre5u2tekp3B0N9vGDxAbgHUJH5L6V1venq1pWsbhKi9Wmr2Pa/yOTq3se1ji2w/kDr+A==",
      "dev": true,
      "requires": {
        "flowchart.js": "^1.11.3"
      }
    }
  }
}
