# THIS IS AN AUTOGENERATED FILE. DO NOT EDIT THIS FILE DIRECTLY.
# yarn lockfile v1


eve-raphael@0.5.0:
  version "0.5.0"
  resolved "https://registry.yarnpkg.com/eve-raphael/-/eve-raphael-0.5.0.tgz#17c754b792beef3fa6684d79cf5a47c63c4cda30"
  integrity sha1-F8dUt5K+7z+maE15z1pHxjxM2jA=

flowchart.js@^1.11.3:
  version "1.11.3"
  resolved "https://registry.yarnpkg.com/flowchart.js/-/flowchart.js-1.11.3.tgz#e27e2c2bb5ed0e78bea403f1370a0ea3dfe274dd"
  integrity sha512-Hk5vKKsEjYp/Vt4gSRBx39z+6OLwkg3top/EQ4antpZXCVrHLajVGWEqhCPeEBixhzDxAtHdRn4aFEtRhlTzHA==
  dependencies:
    raphael "2.2.7"

raphael@2.2.7:
  version "2.2.7"
  resolved "https://registry.yarnpkg.com/raphael/-/raphael-2.2.7.tgz#231b19141f8d086986d8faceb66f8b562ee2c810"
  integrity sha1-IxsZFB+NCGmG2PrOtm+LVi7iyBA=
  dependencies:
    eve-raphael "0.5.0"

vuepress-plugin-flowchart@^1.4.3:
  version "1.4.3"
  resolved "https://registry.yarnpkg.com/vuepress-plugin-flowchart/-/vuepress-plugin-flowchart-1.4.3.tgz#1692807257c9ba02f764ced0caf930c627f65bdb"
  integrity sha512-Vyhh2xiCvMoubwBBDdre5u2tekp3B0N9vGDxAbgHUJH5L6V1venq1pWsbhKi9Wmr2Pa/yOTq3se1ji2w/kDr+A==
  dependencies:
    flowchart.js "^1.11.3"
